
Microsoft Visual Studio Solution File, Format Version 12.00
# Visual Studio Version 16
VisualStudioVersion = 16.0.31424.327
MinimumVisualStudioVersion = 10.0.40219.1
Project("{D954291E-2A0B-460D-934E-DC6B0785DB48}") = "Issue2352.Shared", "Issue2352\Issue2352.Shared\Issue2352.Shared.shproj", "{6279C845-92F8-4333-AB99-3D213163593C}"
EndProject
Project("{2150E333-8FDC-42A3-9474-1A3956D46DE8}") = "Platforms", "Platforms", "{4279D034-5959-4C00-A1F6-FBC78888640E}"
EndProject
Project("{FAE04EC0-301F-11D3-BF4B-00C04F79EFBC}") = "Issue2352.Droid", "Issue2352\Issue2352.Droid\Issue2352.Droid.csproj", "{3002632B-CFF3-493F-AFEC-75BA36981D7A}"
EndProject
Project("{FAE04EC0-301F-11D3-BF4B-00C04F79EFBC}") = "Issue2352.iOS", "Issue2352\Issue2352.iOS\Issue2352.iOS.csproj", "{75D8C2E8-08FE-42CA-BBE8-A622E80AC8E9}"
EndProject
Project("{FAE04EC0-301F-11D3-BF4B-00C04F79EFBC}") = "Issue2352.UWP", "Issue2352\Issue2352.UWP\Issue2352.UWP.csproj", "{0B47FDF7-8ED5-47C0-B3E6-0DCA8EC28FBE}"
EndProject
Project("{FAE04EC0-301F-11D3-BF4B-00C04F79EFBC}") = "Issue2352.Wasm", "Issue2352\Issue2352.Wasm\Issue2352.Wasm.csproj", "{9E0EA0BE-07D8-4CF3-BF98-A6B8B64BB1C3}"
EndProject
Project("{FAE04EC0-301F-11D3-BF4B-00C04F79EFBC}") = "Issue2352.macOS", "Issue2352\Issue2352.macOS\Issue2352.macOS.csproj", "{6BF882C2-0D3E-4BE5-BE96-3206E1231BE3}"
EndProject
Project("{FAE04EC0-301F-11D3-BF4B-00C04F79EFBC}") = "Issue2352.Skia.Wpf.Host", "Issue2352\Issue2352.Skia.Wpf.Host\Issue2352.Skia.Wpf.Host.csproj", "{EBA47715-52AC-400F-B580-7D6F1162F083}"
EndProject
Project("{FAE04EC0-301F-11D3-BF4B-00C04F79EFBC}") = "Issue2352.Skia.Wpf", "Issue2352\Issue2352.Skia.Wpf\Issue2352.Skia.Wpf.csproj", "{8BADC36B-A36E-479A-83B1-7633E69E1796}"
EndProject
Project("{FAE04EC0-301F-11D3-BF4B-00C04F79EFBC}") = "Issue2352.Skia.Gtk", "Issue2352\Issue2352.Skia.Gtk\Issue2352.Skia.Gtk.csproj", "{21EEF188-9906-458C-9712-9735BDA16F70}"
EndProject
Project("{FAE04EC0-301F-11D3-BF4B-00C04F79EFBC}") = "Issue2352.Skia.Tizen", "Issue2352\Issue2352.Skia.Tizen\Issue2352.Skia.Tizen.csproj", "{5514AAEC-A190-4B6E-96F0-E6A04EB7F192}"
EndProject
Global
	GlobalSection(SharedMSBuildProjectFiles) = preSolution
		Issue2352\Issue2352.Shared\Issue2352.Shared.projitems*{0b47fdf7-8ed5-47c0-b3e6-0dca8ec28fbe}*SharedItemsImports = 4
		Issue2352\Issue2352.Shared\Issue2352.Shared.projitems*{21eef188-9906-458c-9712-9735bda16f70}*SharedItemsImports = 5
		Issue2352\Issue2352.Shared\Issue2352.Shared.projitems*{3002632b-cff3-493f-afec-75ba36981d7a}*SharedItemsImports = 4
		Issue2352\Issue2352.Shared\Issue2352.Shared.projitems*{5514aaec-a190-4b6e-96f0-e6a04eb7f192}*SharedItemsImports = 5
		Issue2352\Issue2352.Shared\Issue2352.Shared.projitems*{6279c845-92f8-4333-ab99-3d213163593c}*SharedItemsImports = 13
		Issue2352\Issue2352.Shared\Issue2352.Shared.projitems*{6bf882c2-0d3e-4be5-be96-3206e1231be3}*SharedItemsImports = 4
		Issue2352\Issue2352.Shared\Issue2352.Shared.projitems*{75d8c2e8-08fe-42ca-bbe8-a622e80ac8e9}*SharedItemsImports = 4
		Issue2352\Issue2352.Shared\Issue2352.Shared.projitems*{8badc36b-a36e-479a-83b1-7633e69e1796}*SharedItemsImports = 5
		Issue2352\Issue2352.Shared\Issue2352.Shared.projitems*{9e0ea0be-07d8-4cf3-bf98-a6b8b64bb1c3}*SharedItemsImports = 5
	EndGlobalSection
	GlobalSection(SolutionConfigurationPlatforms) = preSolution
		Ad-Hoc|Any CPU = Ad-Hoc|Any CPU
		Ad-Hoc|ARM = Ad-Hoc|ARM
		Ad-Hoc|ARM64 = Ad-Hoc|ARM64
		Ad-Hoc|iPhone = Ad-Hoc|iPhone
		Ad-Hoc|iPhoneSimulator = Ad-Hoc|iPhoneSimulator
		Ad-Hoc|x64 = Ad-Hoc|x64
		Ad-Hoc|x86 = Ad-Hoc|x86
		AppStore|Any CPU = AppStore|Any CPU
		AppStore|ARM = AppStore|ARM
		AppStore|ARM64 = AppStore|ARM64
		AppStore|iPhone = AppStore|iPhone
		AppStore|iPhoneSimulator = AppStore|iPhoneSimulator
		AppStore|x64 = AppStore|x64
		AppStore|x86 = AppStore|x86
		Debug|Any CPU = Debug|Any CPU
		Debug|ARM = Debug|ARM
		Debug|ARM64 = Debug|ARM64
		Debug|iPhone = Debug|iPhone
		Debug|iPhoneSimulator = Debug|iPhoneSimulator
		Debug|x64 = Debug|x64
		Debug|x86 = Debug|x86
		Release|Any CPU = Release|Any CPU
		Release|ARM = Release|ARM
		Release|ARM64 = Release|ARM64
		Release|iPhone = Release|iPhone
		Release|iPhoneSimulator = Release|iPhoneSimulator
		Release|x64 = Release|x64
		Release|x86 = Release|x86
	EndGlobalSection
	GlobalSection(ProjectConfigurationPlatforms) = postSolution
		{3002632B-CFF3-493F-AFEC-75BA36981D7A}.Ad-Hoc|Any CPU.ActiveCfg = Debug|Any CPU
		{3002632B-CFF3-493F-AFEC-75BA36981D7A}.Ad-Hoc|Any CPU.Build.0 = Debug|Any CPU
		{3002632B-CFF3-493F-AFEC-75BA36981D7A}.Ad-Hoc|Any CPU.Deploy.0 = Debug|Any CPU
		{3002632B-CFF3-493F-AFEC-75BA36981D7A}.Ad-Hoc|ARM.ActiveCfg = Debug|Any CPU
		{3002632B-CFF3-493F-AFEC-75BA36981D7A}.Ad-Hoc|ARM.Build.0 = Debug|Any CPU
		{3002632B-CFF3-493F-AFEC-75BA36981D7A}.Ad-Hoc|ARM.Deploy.0 = Debug|Any CPU
		{3002632B-CFF3-493F-AFEC-75BA36981D7A}.Ad-Hoc|ARM64.ActiveCfg = Debug|Any CPU
		{3002632B-CFF3-493F-AFEC-75BA36981D7A}.Ad-Hoc|ARM64.Build.0 = Debug|Any CPU
		{3002632B-CFF3-493F-AFEC-75BA36981D7A}.Ad-Hoc|ARM64.Deploy.0 = Debug|Any CPU
		{3002632B-CFF3-493F-AFEC-75BA36981D7A}.Ad-Hoc|iPhone.ActiveCfg = Debug|Any CPU
		{3002632B-CFF3-493F-AFEC-75BA36981D7A}.Ad-Hoc|iPhone.Build.0 = Debug|Any CPU
		{3002632B-CFF3-493F-AFEC-75BA36981D7A}.Ad-Hoc|iPhone.Deploy.0 = Debug|Any CPU
		{3002632B-CFF3-493F-AFEC-75BA36981D7A}.Ad-Hoc|iPhoneSimulator.ActiveCfg = Debug|Any CPU
		{3002632B-CFF3-493F-AFEC-75BA36981D7A}.Ad-Hoc|iPhoneSimulator.Build.0 = Debug|Any CPU
		{3002632B-CFF3-493F-AFEC-75BA36981D7A}.Ad-Hoc|iPhoneSimulator.Deploy.0 = Debug|Any CPU
		{3002632B-CFF3-493F-AFEC-75BA36981D7A}.Ad-Hoc|x64.ActiveCfg = Debug|Any CPU
		{3002632B-CFF3-493F-AFEC-75BA36981D7A}.Ad-Hoc|x64.Build.0 = Debug|Any CPU
		{3002632B-CFF3-493F-AFEC-75BA36981D7A}.Ad-Hoc|x64.Deploy.0 = Debug|Any CPU
		{3002632B-CFF3-493F-AFEC-75BA36981D7A}.Ad-Hoc|x86.ActiveCfg = Debug|Any CPU
		{3002632B-CFF3-493F-AFEC-75BA36981D7A}.Ad-Hoc|x86.Build.0 = Debug|Any CPU
		{3002632B-CFF3-493F-AFEC-75BA36981D7A}.Ad-Hoc|x86.Deploy.0 = Debug|Any CPU
		{3002632B-CFF3-493F-AFEC-75BA36981D7A}.AppStore|Any CPU.ActiveCfg = Debug|Any CPU
		{3002632B-CFF3-493F-AFEC-75BA36981D7A}.AppStore|Any CPU.Build.0 = Debug|Any CPU
		{3002632B-CFF3-493F-AFEC-75BA36981D7A}.AppStore|Any CPU.Deploy.0 = Debug|Any CPU
		{3002632B-CFF3-493F-AFEC-75BA36981D7A}.AppStore|ARM.ActiveCfg = Debug|Any CPU
		{3002632B-CFF3-493F-AFEC-75BA36981D7A}.AppStore|ARM.Build.0 = Debug|Any CPU
		{3002632B-CFF3-493F-AFEC-75BA36981D7A}.AppStore|ARM.Deploy.0 = Debug|Any CPU
		{3002632B-CFF3-493F-AFEC-75BA36981D7A}.AppStore|ARM64.ActiveCfg = Debug|Any CPU
		{3002632B-CFF3-493F-AFEC-75BA36981D7A}.AppStore|ARM64.Build.0 = Debug|Any CPU
		{3002632B-CFF3-493F-AFEC-75BA36981D7A}.AppStore|ARM64.Deploy.0 = Debug|Any CPU
		{3002632B-CFF3-493F-AFEC-75BA36981D7A}.AppStore|iPhone.ActiveCfg = Debug|Any CPU
		{3002632B-CFF3-493F-AFEC-75BA36981D7A}.AppStore|iPhone.Build.0 = Debug|Any CPU
		{3002632B-CFF3-493F-AFEC-75BA36981D7A}.AppStore|iPhone.Deploy.0 = Debug|Any CPU
		{3002632B-CFF3-493F-AFEC-75BA36981D7A}.AppStore|iPhoneSimulator.ActiveCfg = Debug|Any CPU
		{3002632B-CFF3-493F-AFEC-75BA36981D7A}.AppStore|iPhoneSimulator.Build.0 = Debug|Any CPU
		{3002632B-CFF3-493F-AFEC-75BA36981D7A}.AppStore|iPhoneSimulator.Deploy.0 = Debug|Any CPU
		{3002632B-CFF3-493F-AFEC-75BA36981D7A}.AppStore|x64.ActiveCfg = Debug|Any CPU
		{3002632B-CFF3-493F-AFEC-75BA36981D7A}.AppStore|x64.Build.0 = Debug|Any CPU
		{3002632B-CFF3-493F-AFEC-75BA36981D7A}.AppStore|x64.Deploy.0 = Debug|Any CPU
		{3002632B-CFF3-493F-AFEC-75BA36981D7A}.AppStore|x86.ActiveCfg = Debug|Any CPU
		{3002632B-CFF3-493F-AFEC-75BA36981D7A}.AppStore|x86.Build.0 = Debug|Any CPU
		{3002632B-CFF3-493F-AFEC-75BA36981D7A}.AppStore|x86.Deploy.0 = Debug|Any CPU
		{3002632B-CFF3-493F-AFEC-75BA36981D7A}.Debug|Any CPU.ActiveCfg = Debug|Any CPU
		{3002632B-CFF3-493F-AFEC-75BA36981D7A}.Debug|Any CPU.Build.0 = Debug|Any CPU
		{3002632B-CFF3-493F-AFEC-75BA36981D7A}.Debug|Any CPU.Deploy.0 = Debug|Any CPU
		{3002632B-CFF3-493F-AFEC-75BA36981D7A}.Debug|ARM.ActiveCfg = Debug|Any CPU
		{3002632B-CFF3-493F-AFEC-75BA36981D7A}.Debug|ARM.Build.0 = Debug|Any CPU
		{3002632B-CFF3-493F-AFEC-75BA36981D7A}.Debug|ARM.Deploy.0 = Debug|Any CPU
		{3002632B-CFF3-493F-AFEC-75BA36981D7A}.Debug|ARM64.ActiveCfg = Debug|Any CPU
		{3002632B-CFF3-493F-AFEC-75BA36981D7A}.Debug|ARM64.Build.0 = Debug|Any CPU
		{3002632B-CFF3-493F-AFEC-75BA36981D7A}.Debug|ARM64.Deploy.0 = Debug|Any CPU
		{3002632B-CFF3-493F-AFEC-75BA36981D7A}.Debug|iPhone.ActiveCfg = Debug|Any CPU
		{3002632B-CFF3-493F-AFEC-75BA36981D7A}.Debug|iPhone.Build.0 = Debug|Any CPU
		{3002632B-CFF3-493F-AFEC-75BA36981D7A}.Debug|iPhone.Deploy.0 = Debug|Any CPU
		{3002632B-CFF3-493F-AFEC-75BA36981D7A}.Debug|iPhoneSimulator.ActiveCfg = Debug|Any CPU
		{3002632B-CFF3-493F-AFEC-75BA36981D7A}.Debug|iPhoneSimulator.Build.0 = Debug|Any CPU
		{3002632B-CFF3-493F-AFEC-75BA36981D7A}.Debug|iPhoneSimulator.Deploy.0 = Debug|Any CPU
		{3002632B-CFF3-493F-AFEC-75BA36981D7A}.Debug|x64.ActiveCfg = Debug|Any CPU
		{3002632B-CFF3-493F-AFEC-75BA36981D7A}.Debug|x64.Build.0 = Debug|Any CPU
		{3002632B-CFF3-493F-AFEC-75BA36981D7A}.Debug|x64.Deploy.0 = Debug|Any CPU
		{3002632B-CFF3-493F-AFEC-75BA36981D7A}.Debug|x86.ActiveCfg = Debug|Any CPU
		{3002632B-CFF3-493F-AFEC-75BA36981D7A}.Debug|x86.Build.0 = Debug|Any CPU
		{3002632B-CFF3-493F-AFEC-75BA36981D7A}.Debug|x86.Deploy.0 = Debug|Any CPU
		{3002632B-CFF3-493F-AFEC-75BA36981D7A}.Release|Any CPU.ActiveCfg = Release|Any CPU
		{3002632B-CFF3-493F-AFEC-75BA36981D7A}.Release|Any CPU.Build.0 = Release|Any CPU
		{3002632B-CFF3-493F-AFEC-75BA36981D7A}.Release|Any CPU.Deploy.0 = Release|Any CPU
		{3002632B-CFF3-493F-AFEC-75BA36981D7A}.Release|ARM.ActiveCfg = Release|Any CPU
		{3002632B-CFF3-493F-AFEC-75BA36981D7A}.Release|ARM.Build.0 = Release|Any CPU
		{3002632B-CFF3-493F-AFEC-75BA36981D7A}.Release|ARM.Deploy.0 = Release|Any CPU
		{3002632B-CFF3-493F-AFEC-75BA36981D7A}.Release|ARM64.ActiveCfg = Release|Any CPU
		{3002632B-CFF3-493F-AFEC-75BA36981D7A}.Release|ARM64.Build.0 = Release|Any CPU
		{3002632B-CFF3-493F-AFEC-75BA36981D7A}.Release|ARM64.Deploy.0 = Release|Any CPU
		{3002632B-CFF3-493F-AFEC-75BA36981D7A}.Release|iPhone.ActiveCfg = Release|Any CPU
		{3002632B-CFF3-493F-AFEC-75BA36981D7A}.Release|iPhone.Build.0 = Release|Any CPU
		{3002632B-CFF3-493F-AFEC-75BA36981D7A}.Release|iPhone.Deploy.0 = Release|Any CPU
		{3002632B-CFF3-493F-AFEC-75BA36981D7A}.Release|iPhoneSimulator.ActiveCfg = Release|Any CPU
		{3002632B-CFF3-493F-AFEC-75BA36981D7A}.Release|iPhoneSimulator.Build.0 = Release|Any CPU
		{3002632B-CFF3-493F-AFEC-75BA36981D7A}.Release|iPhoneSimulator.Deploy.0 = Release|Any CPU
		{3002632B-CFF3-493F-AFEC-75BA36981D7A}.Release|x64.ActiveCfg = Release|Any CPU
		{3002632B-CFF3-493F-AFEC-75BA36981D7A}.Release|x64.Build.0 = Release|Any CPU
		{3002632B-CFF3-493F-AFEC-75BA36981D7A}.Release|x64.Deploy.0 = Release|Any CPU
		{3002632B-CFF3-493F-AFEC-75BA36981D7A}.Release|x86.ActiveCfg = Release|Any CPU
		{3002632B-CFF3-493F-AFEC-75BA36981D7A}.Release|x86.Build.0 = Release|Any CPU
		{3002632B-CFF3-493F-AFEC-75BA36981D7A}.Release|x86.Deploy.0 = Release|Any CPU
		{75D8C2E8-08FE-42CA-BBE8-A622E80AC8E9}.Ad-Hoc|Any CPU.ActiveCfg = Ad-Hoc|iPhoneSimulator
		{75D8C2E8-08FE-42CA-BBE8-A622E80AC8E9}.Ad-Hoc|ARM.ActiveCfg = Ad-Hoc|iPhoneSimulator
		{75D8C2E8-08FE-42CA-BBE8-A622E80AC8E9}.Ad-Hoc|ARM64.ActiveCfg = Ad-Hoc|iPhoneSimulator
		{75D8C2E8-08FE-42CA-BBE8-A622E80AC8E9}.Ad-Hoc|iPhone.ActiveCfg = Ad-Hoc|iPhone
		{75D8C2E8-08FE-42CA-BBE8-A622E80AC8E9}.Ad-Hoc|iPhone.Build.0 = Ad-Hoc|iPhone
		{75D8C2E8-08FE-42CA-BBE8-A622E80AC8E9}.Ad-Hoc|iPhoneSimulator.ActiveCfg = Ad-Hoc|iPhoneSimulator
		{75D8C2E8-08FE-42CA-BBE8-A622E80AC8E9}.Ad-Hoc|iPhoneSimulator.Build.0 = Ad-Hoc|iPhoneSimulator
		{75D8C2E8-08FE-42CA-BBE8-A622E80AC8E9}.Ad-Hoc|x64.ActiveCfg = Ad-Hoc|iPhoneSimulator
		{75D8C2E8-08FE-42CA-BBE8-A622E80AC8E9}.Ad-Hoc|x86.ActiveCfg = Ad-Hoc|iPhoneSimulator
		{75D8C2E8-08FE-42CA-BBE8-A622E80AC8E9}.AppStore|Any CPU.ActiveCfg = AppStore|iPhoneSimulator
		{75D8C2E8-08FE-42CA-BBE8-A622E80AC8E9}.AppStore|ARM.ActiveCfg = AppStore|iPhoneSimulator
		{75D8C2E8-08FE-42CA-BBE8-A622E80AC8E9}.AppStore|ARM64.ActiveCfg = AppStore|iPhoneSimulator
		{75D8C2E8-08FE-42CA-BBE8-A622E80AC8E9}.AppStore|iPhone.ActiveCfg = AppStore|iPhone
		{75D8C2E8-08FE-42CA-BBE8-A622E80AC8E9}.AppStore|iPhone.Build.0 = AppStore|iPhone
		{75D8C2E8-08FE-42CA-BBE8-A622E80AC8E9}.AppStore|iPhoneSimulator.ActiveCfg = AppStore|iPhoneSimulator
		{75D8C2E8-08FE-42CA-BBE8-A622E80AC8E9}.AppStore|iPhoneSimulator.Build.0 = AppStore|iPhoneSimulator
		{75D8C2E8-08FE-42CA-BBE8-A622E80AC8E9}.AppStore|x64.ActiveCfg = AppStore|iPhoneSimulator
		{75D8C2E8-08FE-42CA-BBE8-A622E80AC8E9}.AppStore|x86.ActiveCfg = AppStore|iPhoneSimulator
		{75D8C2E8-08FE-42CA-BBE8-A622E80AC8E9}.Debug|Any CPU.ActiveCfg = Debug|iPhoneSimulator
		{75D8C2E8-08FE-42CA-BBE8-A622E80AC8E9}.Debug|ARM.ActiveCfg = Debug|iPhoneSimulator
		{75D8C2E8-08FE-42CA-BBE8-A622E80AC8E9}.Debug|ARM64.ActiveCfg = Debug|iPhoneSimulator
		{75D8C2E8-08FE-42CA-BBE8-A622E80AC8E9}.Debug|iPhone.ActiveCfg = Debug|iPhone
		{75D8C2E8-08FE-42CA-BBE8-A622E80AC8E9}.Debug|iPhone.Build.0 = Debug|iPhone
		{75D8C2E8-08FE-42CA-BBE8-A622E80AC8E9}.Debug|iPhoneSimulator.ActiveCfg = Debug|iPhoneSimulator
		{75D8C2E8-08FE-42CA-BBE8-A622E80AC8E9}.Debug|iPhoneSimulator.Build.0 = Debug|iPhoneSimulator
		{75D8C2E8-08FE-42CA-BBE8-A622E80AC8E9}.Debug|x64.ActiveCfg = Debug|iPhoneSimulator
		{75D8C2E8-08FE-42CA-BBE8-A622E80AC8E9}.Debug|x86.ActiveCfg = Debug|iPhoneSimulator
		{75D8C2E8-08FE-42CA-BBE8-A622E80AC8E9}.Release|Any CPU.ActiveCfg = Release|iPhoneSimulator
		{75D8C2E8-08FE-42CA-BBE8-A622E80AC8E9}.Release|ARM.ActiveCfg = Release|iPhoneSimulator
		{75D8C2E8-08FE-42CA-BBE8-A622E80AC8E9}.Release|ARM64.ActiveCfg = Release|iPhoneSimulator
		{75D8C2E8-08FE-42CA-BBE8-A622E80AC8E9}.Release|iPhone.ActiveCfg = Release|iPhone
		{75D8C2E8-08FE-42CA-BBE8-A622E80AC8E9}.Release|iPhone.Build.0 = Release|iPhone
		{75D8C2E8-08FE-42CA-BBE8-A622E80AC8E9}.Release|iPhoneSimulator.ActiveCfg = Release|iPhoneSimulator
		{75D8C2E8-08FE-42CA-BBE8-A622E80AC8E9}.Release|iPhoneSimulator.Build.0 = Release|iPhoneSimulator
		{75D8C2E8-08FE-42CA-BBE8-A622E80AC8E9}.Release|x64.ActiveCfg = Release|iPhoneSimulator
		{75D8C2E8-08FE-42CA-BBE8-A622E80AC8E9}.Release|x86.ActiveCfg = Release|iPhoneSimulator
		{0B47FDF7-8ED5-47C0-B3E6-0DCA8EC28FBE}.Ad-Hoc|Any CPU.ActiveCfg = Debug|x86
		{0B47FDF7-8ED5-47C0-B3E6-0DCA8EC28FBE}.Ad-Hoc|Any CPU.Build.0 = Debug|x86
		{0B47FDF7-8ED5-47C0-B3E6-0DCA8EC28FBE}.Ad-Hoc|Any CPU.Deploy.0 = Debug|x86
		{0B47FDF7-8ED5-47C0-B3E6-0DCA8EC28FBE}.Ad-Hoc|ARM.ActiveCfg = Debug|ARM
		{0B47FDF7-8ED5-47C0-B3E6-0DCA8EC28FBE}.Ad-Hoc|ARM.Build.0 = Debug|ARM
		{0B47FDF7-8ED5-47C0-B3E6-0DCA8EC28FBE}.Ad-Hoc|ARM.Deploy.0 = Debug|ARM
		{0B47FDF7-8ED5-47C0-B3E6-0DCA8EC28FBE}.Ad-Hoc|ARM64.ActiveCfg = Debug|ARM64
		{0B47FDF7-8ED5-47C0-B3E6-0DCA8EC28FBE}.Ad-Hoc|ARM64.Build.0 = Debug|ARM64
		{0B47FDF7-8ED5-47C0-B3E6-0DCA8EC28FBE}.Ad-Hoc|ARM64.Deploy.0 = Debug|ARM64
		{0B47FDF7-8ED5-47C0-B3E6-0DCA8EC28FBE}.Ad-Hoc|iPhone.ActiveCfg = Debug|x86
		{0B47FDF7-8ED5-47C0-B3E6-0DCA8EC28FBE}.Ad-Hoc|iPhone.Build.0 = Debug|x86
		{0B47FDF7-8ED5-47C0-B3E6-0DCA8EC28FBE}.Ad-Hoc|iPhone.Deploy.0 = Debug|x86
		{0B47FDF7-8ED5-47C0-B3E6-0DCA8EC28FBE}.Ad-Hoc|iPhoneSimulator.ActiveCfg = Debug|x86
		{0B47FDF7-8ED5-47C0-B3E6-0DCA8EC28FBE}.Ad-Hoc|iPhoneSimulator.Build.0 = Debug|x86
		{0B47FDF7-8ED5-47C0-B3E6-0DCA8EC28FBE}.Ad-Hoc|iPhoneSimulator.Deploy.0 = Debug|x86
		{0B47FDF7-8ED5-47C0-B3E6-0DCA8EC28FBE}.Ad-Hoc|x64.ActiveCfg = Debug|x64
		{0B47FDF7-8ED5-47C0-B3E6-0DCA8EC28FBE}.Ad-Hoc|x64.Build.0 = Debug|x64
		{0B47FDF7-8ED5-47C0-B3E6-0DCA8EC28FBE}.Ad-Hoc|x64.Deploy.0 = Debug|x64
		{0B47FDF7-8ED5-47C0-B3E6-0DCA8EC28FBE}.Ad-Hoc|x86.ActiveCfg = Debug|x86
		{0B47FDF7-8ED5-47C0-B3E6-0DCA8EC28FBE}.Ad-Hoc|x86.Build.0 = Debug|x86
		{0B47FDF7-8ED5-47C0-B3E6-0DCA8EC28FBE}.Ad-Hoc|x86.Deploy.0 = Debug|x86
		{0B47FDF7-8ED5-47C0-B3E6-0DCA8EC28FBE}.AppStore|Any CPU.ActiveCfg = Debug|x86
		{0B47FDF7-8ED5-47C0-B3E6-0DCA8EC28FBE}.AppStore|Any CPU.Build.0 = Debug|x86
		{0B47FDF7-8ED5-47C0-B3E6-0DCA8EC28FBE}.AppStore|Any CPU.Deploy.0 = Debug|x86
		{0B47FDF7-8ED5-47C0-B3E6-0DCA8EC28FBE}.AppStore|ARM.ActiveCfg = Debug|ARM
		{0B47FDF7-8ED5-47C0-B3E6-0DCA8EC28FBE}.AppStore|ARM.Build.0 = Debug|ARM
		{0B47FDF7-8ED5-47C0-B3E6-0DCA8EC28FBE}.AppStore|ARM.Deploy.0 = Debug|ARM
		{0B47FDF7-8ED5-47C0-B3E6-0DCA8EC28FBE}.AppStore|ARM64.ActiveCfg = Debug|ARM64
		{0B47FDF7-8ED5-47C0-B3E6-0DCA8EC28FBE}.AppStore|ARM64.Build.0 = Debug|ARM64
		{0B47FDF7-8ED5-47C0-B3E6-0DCA8EC28FBE}.AppStore|ARM64.Deploy.0 = Debug|ARM64
		{0B47FDF7-8ED5-47C0-B3E6-0DCA8EC28FBE}.AppStore|iPhone.ActiveCfg = Debug|x86
		{0B47FDF7-8ED5-47C0-B3E6-0DCA8EC28FBE}.AppStore|iPhone.Build.0 = Debug|x86
		{0B47FDF7-8ED5-47C0-B3E6-0DCA8EC28FBE}.AppStore|iPhone.Deploy.0 = Debug|x86
		{0B47FDF7-8ED5-47C0-B3E6-0DCA8EC28FBE}.AppStore|iPhoneSimulator.ActiveCfg = Debug|x86
		{0B47FDF7-8ED5-47C0-B3E6-0DCA8EC28FBE}.AppStore|iPhoneSimulator.Build.0 = Debug|x86
		{0B47FDF7-8ED5-47C0-B3E6-0DCA8EC28FBE}.AppStore|iPhoneSimulator.Deploy.0 = Debug|x86
		{0B47FDF7-8ED5-47C0-B3E6-0DCA8EC28FBE}.AppStore|x64.ActiveCfg = Debug|x64
		{0B47FDF7-8ED5-47C0-B3E6-0DCA8EC28FBE}.AppStore|x64.Build.0 = Debug|x64
		{0B47FDF7-8ED5-47C0-B3E6-0DCA8EC28FBE}.AppStore|x64.Deploy.0 = Debug|x64
		{0B47FDF7-8ED5-47C0-B3E6-0DCA8EC28FBE}.AppStore|x86.ActiveCfg = Debug|x86
		{0B47FDF7-8ED5-47C0-B3E6-0DCA8EC28FBE}.AppStore|x86.Build.0 = Debug|x86
		{0B47FDF7-8ED5-47C0-B3E6-0DCA8EC28FBE}.AppStore|x86.Deploy.0 = Debug|x86
		{0B47FDF7-8ED5-47C0-B3E6-0DCA8EC28FBE}.Debug|Any CPU.ActiveCfg = Debug|x86
		{0B47FDF7-8ED5-47C0-B3E6-0DCA8EC28FBE}.Debug|Any CPU.Build.0 = Debug|x86
		{0B47FDF7-8ED5-47C0-B3E6-0DCA8EC28FBE}.Debug|Any CPU.Deploy.0 = Debug|x86
		{0B47FDF7-8ED5-47C0-B3E6-0DCA8EC28FBE}.Debug|ARM.ActiveCfg = Debug|ARM
		{0B47FDF7-8ED5-47C0-B3E6-0DCA8EC28FBE}.Debug|ARM.Build.0 = Debug|ARM
		{0B47FDF7-8ED5-47C0-B3E6-0DCA8EC28FBE}.Debug|ARM.Deploy.0 = Debug|ARM
		{0B47FDF7-8ED5-47C0-B3E6-0DCA8EC28FBE}.Debug|ARM64.ActiveCfg = Debug|ARM64
		{0B47FDF7-8ED5-47C0-B3E6-0DCA8EC28FBE}.Debug|ARM64.Build.0 = Debug|ARM64
		{0B47FDF7-8ED5-47C0-B3E6-0DCA8EC28FBE}.Debug|ARM64.Deploy.0 = Debug|ARM64
		{0B47FDF7-8ED5-47C0-B3E6-0DCA8EC28FBE}.Debug|iPhone.ActiveCfg = Debug|x86
		{0B47FDF7-8ED5-47C0-B3E6-0DCA8EC28FBE}.Debug|iPhoneSimulator.ActiveCfg = Debug|x86
		{0B47FDF7-8ED5-47C0-B3E6-0DCA8EC28FBE}.Debug|x64.ActiveCfg = Debug|x64
		{0B47FDF7-8ED5-47C0-B3E6-0DCA8EC28FBE}.Debug|x64.Build.0 = Debug|x64
		{0B47FDF7-8ED5-47C0-B3E6-0DCA8EC28FBE}.Debug|x64.Deploy.0 = Debug|x64
		{0B47FDF7-8ED5-47C0-B3E6-0DCA8EC28FBE}.Debug|x86.ActiveCfg = Debug|x86
		{0B47FDF7-8ED5-47C0-B3E6-0DCA8EC28FBE}.Debug|x86.Build.0 = Debug|x86
		{0B47FDF7-8ED5-47C0-B3E6-0DCA8EC28FBE}.Debug|x86.Deploy.0 = Debug|x86
		{0B47FDF7-8ED5-47C0-B3E6-0DCA8EC28FBE}.Release|Any CPU.ActiveCfg = Release|x86
		{0B47FDF7-8ED5-47C0-B3E6-0DCA8EC28FBE}.Release|ARM.ActiveCfg = Release|ARM
		{0B47FDF7-8ED5-47C0-B3E6-0DCA8EC28FBE}.Release|ARM.Build.0 = Release|ARM
		{0B47FDF7-8ED5-47C0-B3E6-0DCA8EC28FBE}.Release|ARM.Deploy.0 = Release|ARM
		{0B47FDF7-8ED5-47C0-B3E6-0DCA8EC28FBE}.Release|ARM64.ActiveCfg = Release|ARM64
		{0B47FDF7-8ED5-47C0-B3E6-0DCA8EC28FBE}.Release|ARM64.Build.0 = Release|ARM64
		{0B47FDF7-8ED5-47C0-B3E6-0DCA8EC28FBE}.Release|ARM64.Deploy.0 = Release|ARM64
		{0B47FDF7-8ED5-47C0-B3E6-0DCA8EC28FBE}.Release|iPhone.ActiveCfg = Release|x86
		{0B47FDF7-8ED5-47C0-B3E6-0DCA8EC28FBE}.Release|iPhoneSimulator.ActiveCfg = Release|x86
		{0B47FDF7-8ED5-47C0-B3E6-0DCA8EC28FBE}.Release|x64.ActiveCfg = Release|x64
		{0B47FDF7-8ED5-47C0-B3E6-0DCA8EC28FBE}.Release|x64.Build.0 = Release|x64
		{0B47FDF7-8ED5-47C0-B3E6-0DCA8EC28FBE}.Release|x64.Deploy.0 = Release|x64
		{0B47FDF7-8ED5-47C0-B3E6-0DCA8EC28FBE}.Release|x86.ActiveCfg = Release|x86
		{0B47FDF7-8ED5-47C0-B3E6-0DCA8EC28FBE}.Release|x86.Build.0 = Release|x86
		{0B47FDF7-8ED5-47C0-B3E6-0DCA8EC28FBE}.Release|x86.Deploy.0 = Release|x86
		{9E0EA0BE-07D8-4CF3-BF98-A6B8B64BB1C3}.Ad-Hoc|Any CPU.ActiveCfg = Debug|Any CPU
		{9E0EA0BE-07D8-4CF3-BF98-A6B8B64BB1C3}.Ad-Hoc|Any CPU.Build.0 = Debug|Any CPU
		{9E0EA0BE-07D8-4CF3-BF98-A6B8B64BB1C3}.Ad-Hoc|ARM.ActiveCfg = Debug|Any CPU
		{9E0EA0BE-07D8-4CF3-BF98-A6B8B64BB1C3}.Ad-Hoc|ARM.Build.0 = Debug|Any CPU
		{9E0EA0BE-07D8-4CF3-BF98-A6B8B64BB1C3}.Ad-Hoc|ARM64.ActiveCfg = Debug|Any CPU
		{9E0EA0BE-07D8-4CF3-BF98-A6B8B64BB1C3}.Ad-Hoc|ARM64.Build.0 = Debug|Any CPU
		{9E0EA0BE-07D8-4CF3-BF98-A6B8B64BB1C3}.Ad-Hoc|iPhone.ActiveCfg = Debug|Any CPU
		{9E0EA0BE-07D8-4CF3-BF98-A6B8B64BB1C3}.Ad-Hoc|iPhone.Build.0 = Debug|Any CPU
		{9E0EA0BE-07D8-4CF3-BF98-A6B8B64BB1C3}.Ad-Hoc|iPhoneSimulator.ActiveCfg = Debug|Any CPU
		{9E0EA0BE-07D8-4CF3-BF98-A6B8B64BB1C3}.Ad-Hoc|iPhoneSimulator.Build.0 = Debug|Any CPU
		{9E0EA0BE-07D8-4CF3-BF98-A6B8B64BB1C3}.Ad-Hoc|x64.ActiveCfg = Debug|Any CPU
		{9E0EA0BE-07D8-4CF3-BF98-A6B8B64BB1C3}.Ad-Hoc|x64.Build.0 = Debug|Any CPU
		{9E0EA0BE-07D8-4CF3-BF98-A6B8B64BB1C3}.Ad-Hoc|x86.ActiveCfg = Debug|Any CPU
		{9E0EA0BE-07D8-4CF3-BF98-A6B8B64BB1C3}.Ad-Hoc|x86.Build.0 = Debug|Any CPU
		{9E0EA0BE-07D8-4CF3-BF98-A6B8B64BB1C3}.AppStore|Any CPU.ActiveCfg = Debug|Any CPU
		{9E0EA0BE-07D8-4CF3-BF98-A6B8B64BB1C3}.AppStore|Any CPU.Build.0 = Debug|Any CPU
		{9E0EA0BE-07D8-4CF3-BF98-A6B8B64BB1C3}.AppStore|ARM.ActiveCfg = Debug|Any CPU
		{9E0EA0BE-07D8-4CF3-BF98-A6B8B64BB1C3}.AppStore|ARM.Build.0 = Debug|Any CPU
		{9E0EA0BE-07D8-4CF3-BF98-A6B8B64BB1C3}.AppStore|ARM64.ActiveCfg = Debug|Any CPU
		{9E0EA0BE-07D8-4CF3-BF98-A6B8B64BB1C3}.AppStore|ARM64.Build.0 = Debug|Any CPU
		{9E0EA0BE-07D8-4CF3-BF98-A6B8B64BB1C3}.AppStore|iPhone.ActiveCfg = Debug|Any CPU
		{9E0EA0BE-07D8-4CF3-BF98-A6B8B64BB1C3}.AppStore|iPhone.Build.0 = Debug|Any CPU
		{9E0EA0BE-07D8-4CF3-BF98-A6B8B64BB1C3}.AppStore|iPhoneSimulator.ActiveCfg = Debug|Any CPU
		{9E0EA0BE-07D8-4CF3-BF98-A6B8B64BB1C3}.AppStore|iPhoneSimulator.Build.0 = Debug|Any CPU
		{9E0EA0BE-07D8-4CF3-BF98-A6B8B64BB1C3}.AppStore|x64.ActiveCfg = Debug|Any CPU
		{9E0EA0BE-07D8-4CF3-BF98-A6B8B64BB1C3}.AppStore|x64.Build.0 = Debug|Any CPU
		{9E0EA0BE-07D8-4CF3-BF98-A6B8B64BB1C3}.AppStore|x86.ActiveCfg = Debug|Any CPU
		{9E0EA0BE-07D8-4CF3-BF98-A6B8B64BB1C3}.AppStore|x86.Build.0 = Debug|Any CPU
		{9E0EA0BE-07D8-4CF3-BF98-A6B8B64BB1C3}.Debug|Any CPU.ActiveCfg = Debug|Any CPU
		{9E0EA0BE-07D8-4CF3-BF98-A6B8B64BB1C3}.Debug|Any CPU.Build.0 = Debug|Any CPU
		{9E0EA0BE-07D8-4CF3-BF98-A6B8B64BB1C3}.Debug|ARM.ActiveCfg = Debug|Any CPU
		{9E0EA0BE-07D8-4CF3-BF98-A6B8B64BB1C3}.Debug|ARM.Build.0 = Debug|Any CPU
		{9E0EA0BE-07D8-4CF3-BF98-A6B8B64BB1C3}.Debug|ARM64.ActiveCfg = Debug|Any CPU
		{9E0EA0BE-07D8-4CF3-BF98-A6B8B64BB1C3}.Debug|ARM64.Build.0 = Debug|Any CPU
		{9E0EA0BE-07D8-4CF3-BF98-A6B8B64BB1C3}.Debug|iPhone.ActiveCfg = Debug|Any CPU
		{9E0EA0BE-07D8-4CF3-BF98-A6B8B64BB1C3}.Debug|iPhone.Build.0 = Debug|Any CPU
		{9E0EA0BE-07D8-4CF3-BF98-A6B8B64BB1C3}.Debug|iPhoneSimulator.ActiveCfg = Debug|Any CPU
		{9E0EA0BE-07D8-4CF3-BF98-A6B8B64BB1C3}.Debug|iPhoneSimulator.Build.0 = Debug|Any CPU
		{9E0EA0BE-07D8-4CF3-BF98-A6B8B64BB1C3}.Debug|x64.ActiveCfg = Debug|Any CPU
		{9E0EA0BE-07D8-4CF3-BF98-A6B8B64BB1C3}.Debug|x64.Build.0 = Debug|Any CPU
		{9E0EA0BE-07D8-4CF3-BF98-A6B8B64BB1C3}.Debug|x86.ActiveCfg = Debug|Any CPU
		{9E0EA0BE-07D8-4CF3-BF98-A6B8B64BB1C3}.Debug|x86.Build.0 = Debug|Any CPU
		{9E0EA0BE-07D8-4CF3-BF98-A6B8B64BB1C3}.Release|Any CPU.ActiveCfg = Release|Any CPU
		{9E0EA0BE-07D8-4CF3-BF98-A6B8B64BB1C3}.Release|Any CPU.Build.0 = Release|Any CPU
		{9E0EA0BE-07D8-4CF3-BF98-A6B8B64BB1C3}.Release|ARM.ActiveCfg = Release|Any CPU
		{9E0EA0BE-07D8-4CF3-BF98-A6B8B64BB1C3}.Release|ARM.Build.0 = Release|Any CPU
		{9E0EA0BE-07D8-4CF3-BF98-A6B8B64BB1C3}.Release|ARM64.ActiveCfg = Release|Any CPU
		{9E0EA0BE-07D8-4CF3-BF98-A6B8B64BB1C3}.Release|ARM64.Build.0 = Release|Any CPU
		{9E0EA0BE-07D8-4CF3-BF98-A6B8B64BB1C3}.Release|iPhone.ActiveCfg = Release|Any CPU
		{9E0EA0BE-07D8-4CF3-BF98-A6B8B64BB1C3}.Release|iPhone.Build.0 = Release|Any CPU
		{9E0EA0BE-07D8-4CF3-BF98-A6B8B64BB1C3}.Release|iPhoneSimulator.ActiveCfg = Release|Any CPU
		{9E0EA0BE-07D8-4CF3-BF98-A6B8B64BB1C3}.Release|iPhoneSimulator.Build.0 = Release|Any CPU
		{9E0EA0BE-07D8-4CF3-BF98-A6B8B64BB1C3}.Release|x64.ActiveCfg = Release|Any CPU
		{9E0EA0BE-07D8-4CF3-BF98-A6B8B64BB1C3}.Release|x64.Build.0 = Release|Any CPU
		{9E0EA0BE-07D8-4CF3-BF98-A6B8B64BB1C3}.Release|x86.ActiveCfg = Release|Any CPU
		{9E0EA0BE-07D8-4CF3-BF98-A6B8B64BB1C3}.Release|x86.Build.0 = Release|Any CPU
		{6BF882C2-0D3E-4BE5-BE96-3206E1231BE3}.Ad-Hoc|Any CPU.ActiveCfg = Debug|iPhoneSimulator
		{6BF882C2-0D3E-4BE5-BE96-3206E1231BE3}.Ad-Hoc|Any CPU.Build.0 = Debug|iPhoneSimulator
		{6BF882C2-0D3E-4BE5-BE96-3206E1231BE3}.Ad-Hoc|ARM.ActiveCfg = Debug|iPhoneSimulator
		{6BF882C2-0D3E-4BE5-BE96-3206E1231BE3}.Ad-Hoc|ARM.Build.0 = Debug|iPhoneSimulator
		{6BF882C2-0D3E-4BE5-BE96-3206E1231BE3}.Ad-Hoc|ARM64.ActiveCfg = Debug|iPhoneSimulator
		{6BF882C2-0D3E-4BE5-BE96-3206E1231BE3}.Ad-Hoc|ARM64.Build.0 = Debug|iPhoneSimulator
		{6BF882C2-0D3E-4BE5-BE96-3206E1231BE3}.Ad-Hoc|iPhone.ActiveCfg = Debug|iPhoneSimulator
		{6BF882C2-0D3E-4BE5-BE96-3206E1231BE3}.Ad-Hoc|iPhone.Build.0 = Debug|iPhoneSimulator
		{6BF882C2-0D3E-4BE5-BE96-3206E1231BE3}.Ad-Hoc|iPhoneSimulator.ActiveCfg = Debug|iPhoneSimulator
		{6BF882C2-0D3E-4BE5-BE96-3206E1231BE3}.Ad-Hoc|iPhoneSimulator.Build.0 = Debug|iPhoneSimulator
		{6BF882C2-0D3E-4BE5-BE96-3206E1231BE3}.Ad-Hoc|x64.ActiveCfg = Debug|iPhoneSimulator
		{6BF882C2-0D3E-4BE5-BE96-3206E1231BE3}.Ad-Hoc|x64.Build.0 = Debug|iPhoneSimulator
		{6BF882C2-0D3E-4BE5-BE96-3206E1231BE3}.Ad-Hoc|x86.ActiveCfg = Debug|iPhoneSimulator
		{6BF882C2-0D3E-4BE5-BE96-3206E1231BE3}.Ad-Hoc|x86.Build.0 = Debug|iPhoneSimulator
		{6BF882C2-0D3E-4BE5-BE96-3206E1231BE3}.AppStore|Any CPU.ActiveCfg = Debug|iPhoneSimulator
		{6BF882C2-0D3E-4BE5-BE96-3206E1231BE3}.AppStore|Any CPU.Build.0 = Debug|iPhoneSimulator
		{6BF882C2-0D3E-4BE5-BE96-3206E1231BE3}.AppStore|ARM.ActiveCfg = Debug|iPhoneSimulator
		{6BF882C2-0D3E-4BE5-BE96-3206E1231BE3}.AppStore|ARM.Build.0 = Debug|iPhoneSimulator
		{6BF882C2-0D3E-4BE5-BE96-3206E1231BE3}.AppStore|ARM64.ActiveCfg = Debug|iPhoneSimulator
		{6BF882C2-0D3E-4BE5-BE96-3206E1231BE3}.AppStore|ARM64.Build.0 = Debug|iPhoneSimulator
		{6BF882C2-0D3E-4BE5-BE96-3206E1231BE3}.AppStore|iPhone.ActiveCfg = Debug|iPhoneSimulator
		{6BF882C2-0D3E-4BE5-BE96-3206E1231BE3}.AppStore|iPhone.Build.0 = Debug|iPhoneSimulator
		{6BF882C2-0D3E-4BE5-BE96-3206E1231BE3}.AppStore|iPhoneSimulator.ActiveCfg = Debug|iPhoneSimulator
		{6BF882C2-0D3E-4BE5-BE96-3206E1231BE3}.AppStore|iPhoneSimulator.Build.0 = Debug|iPhoneSimulator
		{6BF882C2-0D3E-4BE5-BE96-3206E1231BE3}.AppStore|x64.ActiveCfg = Debug|iPhoneSimulator
		{6BF882C2-0D3E-4BE5-BE96-3206E1231BE3}.AppStore|x64.Build.0 = Debug|iPhoneSimulator
		{6BF882C2-0D3E-4BE5-BE96-3206E1231BE3}.AppStore|x86.ActiveCfg = Debug|iPhoneSimulator
		{6BF882C2-0D3E-4BE5-BE96-3206E1231BE3}.AppStore|x86.Build.0 = Debug|iPhoneSimulator
		{6BF882C2-0D3E-4BE5-BE96-3206E1231BE3}.Debug|Any CPU.ActiveCfg = Debug|iPhoneSimulator
		{6BF882C2-0D3E-4BE5-BE96-3206E1231BE3}.Debug|ARM.ActiveCfg = Debug|iPhoneSimulator
		{6BF882C2-0D3E-4BE5-BE96-3206E1231BE3}.Debug|ARM64.ActiveCfg = Debug|iPhoneSimulator
		{6BF882C2-0D3E-4BE5-BE96-3206E1231BE3}.Debug|iPhone.ActiveCfg = Debug|iPhoneSimulator
		{6BF882C2-0D3E-4BE5-BE96-3206E1231BE3}.Debug|iPhoneSimulator.ActiveCfg = Debug|iPhoneSimulator
		{6BF882C2-0D3E-4BE5-BE96-3206E1231BE3}.Debug|iPhoneSimulator.Build.0 = Debug|iPhoneSimulator
		{6BF882C2-0D3E-4BE5-BE96-3206E1231BE3}.Debug|x64.ActiveCfg = Debug|iPhoneSimulator
		{6BF882C2-0D3E-4BE5-BE96-3206E1231BE3}.Debug|x86.ActiveCfg = Debug|iPhoneSimulator
		{6BF882C2-0D3E-4BE5-BE96-3206E1231BE3}.Release|Any CPU.ActiveCfg = Release|iPhoneSimulator
		{6BF882C2-0D3E-4BE5-BE96-3206E1231BE3}.Release|ARM.ActiveCfg = Release|iPhoneSimulator
		{6BF882C2-0D3E-4BE5-BE96-3206E1231BE3}.Release|ARM64.ActiveCfg = Release|iPhoneSimulator
		{6BF882C2-0D3E-4BE5-BE96-3206E1231BE3}.Release|iPhone.ActiveCfg = Release|iPhoneSimulator
		{6BF882C2-0D3E-4BE5-BE96-3206E1231BE3}.Release|iPhoneSimulator.ActiveCfg = Release|iPhoneSimulator
		{6BF882C2-0D3E-4BE5-BE96-3206E1231BE3}.Release|iPhoneSimulator.Build.0 = Release|iPhoneSimulator
		{6BF882C2-0D3E-4BE5-BE96-3206E1231BE3}.Release|x64.ActiveCfg = Release|iPhoneSimulator
		{6BF882C2-0D3E-4BE5-BE96-3206E1231BE3}.Release|x86.ActiveCfg = Release|iPhoneSimulator
		{EBA47715-52AC-400F-B580-7D6F1162F083}.Ad-Hoc|Any CPU.ActiveCfg = Debug|Any CPU
		{EBA47715-52AC-400F-B580-7D6F1162F083}.Ad-Hoc|Any CPU.Build.0 = Debug|Any CPU
		{EBA47715-52AC-400F-B580-7D6F1162F083}.Ad-Hoc|ARM.ActiveCfg = Debug|Any CPU
		{EBA47715-52AC-400F-B580-7D6F1162F083}.Ad-Hoc|ARM.Build.0 = Debug|Any CPU
		{EBA47715-52AC-400F-B580-7D6F1162F083}.Ad-Hoc|ARM64.ActiveCfg = Debug|Any CPU
		{EBA47715-52AC-400F-B580-7D6F1162F083}.Ad-Hoc|ARM64.Build.0 = Debug|Any CPU
		{EBA47715-52AC-400F-B580-7D6F1162F083}.Ad-Hoc|iPhone.ActiveCfg = Debug|Any CPU
		{EBA47715-52AC-400F-B580-7D6F1162F083}.Ad-Hoc|iPhone.Build.0 = Debug|Any CPU
		{EBA47715-52AC-400F-B580-7D6F1162F083}.Ad-Hoc|iPhoneSimulator.ActiveCfg = Debug|Any CPU
		{EBA47715-52AC-400F-B580-7D6F1162F083}.Ad-Hoc|iPhoneSimulator.Build.0 = Debug|Any CPU
		{EBA47715-52AC-400F-B580-7D6F1162F083}.Ad-Hoc|x64.ActiveCfg = Debug|Any CPU
		{EBA47715-52AC-400F-B580-7D6F1162F083}.Ad-Hoc|x64.Build.0 = Debug|Any CPU
		{EBA47715-52AC-400F-B580-7D6F1162F083}.Ad-Hoc|x86.ActiveCfg = Debug|Any CPU
		{EBA47715-52AC-400F-B580-7D6F1162F083}.Ad-Hoc|x86.Build.0 = Debug|Any CPU
		{EBA47715-52AC-400F-B580-7D6F1162F083}.AppStore|Any CPU.ActiveCfg = Debug|Any CPU
		{EBA47715-52AC-400F-B580-7D6F1162F083}.AppStore|Any CPU.Build.0 = Debug|Any CPU
		{EBA47715-52AC-400F-B580-7D6F1162F083}.AppStore|ARM.ActiveCfg = Debug|Any CPU
		{EBA47715-52AC-400F-B580-7D6F1162F083}.AppStore|ARM.Build.0 = Debug|Any CPU
		{EBA47715-52AC-400F-B580-7D6F1162F083}.AppStore|ARM64.ActiveCfg = Debug|Any CPU
		{EBA47715-52AC-400F-B580-7D6F1162F083}.AppStore|ARM64.Build.0 = Debug|Any CPU
		{EBA47715-52AC-400F-B580-7D6F1162F083}.AppStore|iPhone.ActiveCfg = Debug|Any CPU
		{EBA47715-52AC-400F-B580-7D6F1162F083}.AppStore|iPhone.Build.0 = Debug|Any CPU
		{EBA47715-52AC-400F-B580-7D6F1162F083}.AppStore|iPhoneSimulator.ActiveCfg = Debug|Any CPU
		{EBA47715-52AC-400F-B580-7D6F1162F083}.AppStore|iPhoneSimulator.Build.0 = Debug|Any CPU
		{EBA47715-52AC-400F-B580-7D6F1162F083}.AppStore|x64.ActiveCfg = Debug|Any CPU
		{EBA47715-52AC-400F-B580-7D6F1162F083}.AppStore|x64.Build.0 = Debug|Any CPU
		{EBA47715-52AC-400F-B580-7D6F1162F083}.AppStore|x86.ActiveCfg = Debug|Any CPU
		{EBA47715-52AC-400F-B580-7D6F1162F083}.AppStore|x86.Build.0 = Debug|Any CPU
		{EBA47715-52AC-400F-B580-7D6F1162F083}.Debug|Any CPU.ActiveCfg = Debug|Any CPU
		{EBA47715-52AC-400F-B580-7D6F1162F083}.Debug|Any CPU.Build.0 = Debug|Any CPU
		{EBA47715-52AC-400F-B580-7D6F1162F083}.Debug|ARM.ActiveCfg = Debug|Any CPU
		{EBA47715-52AC-400F-B580-7D6F1162F083}.Debug|ARM.Build.0 = Debug|Any CPU
		{EBA47715-52AC-400F-B580-7D6F1162F083}.Debug|ARM64.ActiveCfg = Debug|Any CPU
		{EBA47715-52AC-400F-B580-7D6F1162F083}.Debug|ARM64.Build.0 = Debug|Any CPU
		{EBA47715-52AC-400F-B580-7D6F1162F083}.Debug|iPhone.ActiveCfg = Debug|Any CPU
		{EBA47715-52AC-400F-B580-7D6F1162F083}.Debug|iPhone.Build.0 = Debug|Any CPU
		{EBA47715-52AC-400F-B580-7D6F1162F083}.Debug|iPhoneSimulator.ActiveCfg = Debug|Any CPU
		{EBA47715-52AC-400F-B580-7D6F1162F083}.Debug|iPhoneSimulator.Build.0 = Debug|Any CPU
		{EBA47715-52AC-400F-B580-7D6F1162F083}.Debug|x64.ActiveCfg = Debug|Any CPU
		{EBA47715-52AC-400F-B580-7D6F1162F083}.Debug|x64.Build.0 = Debug|Any CPU
		{EBA47715-52AC-400F-B580-7D6F1162F083}.Debug|x86.ActiveCfg = Debug|Any CPU
		{EBA47715-52AC-400F-B580-7D6F1162F083}.Debug|x86.Build.0 = Debug|Any CPU
		{EBA47715-52AC-400F-B580-7D6F1162F083}.Release|Any CPU.ActiveCfg = Release|Any CPU
		{EBA47715-52AC-400F-B580-7D6F1162F083}.Release|Any CPU.Build.0 = Release|Any CPU
		{EBA47715-52AC-400F-B580-7D6F1162F083}.Release|ARM.ActiveCfg = Release|Any CPU
		{EBA47715-52AC-400F-B580-7D6F1162F083}.Release|ARM.Build.0 = Release|Any CPU
		{EBA47715-52AC-400F-B580-7D6F1162F083}.Release|ARM64.ActiveCfg = Release|Any CPU
		{EBA47715-52AC-400F-B580-7D6F1162F083}.Release|ARM64.Build.0 = Release|Any CPU
		{EBA47715-52AC-400F-B580-7D6F1162F083}.Release|iPhone.ActiveCfg = Release|Any CPU
		{EBA47715-52AC-400F-B580-7D6F1162F083}.Release|iPhone.Build.0 = Release|Any CPU
		{EBA47715-52AC-400F-B580-7D6F1162F083}.Release|iPhoneSimulator.ActiveCfg = Release|Any CPU
		{EBA47715-52AC-400F-B580-7D6F1162F083}.Release|iPhoneSimulator.Build.0 = Release|Any CPU
		{EBA47715-52AC-400F-B580-7D6F1162F083}.Release|x64.ActiveCfg = Release|Any CPU
		{EBA47715-52AC-400F-B580-7D6F1162F083}.Release|x64.Build.0 = Release|Any CPU
		{EBA47715-52AC-400F-B580-7D6F1162F083}.Release|x86.ActiveCfg = Release|Any CPU
		{EBA47715-52AC-400F-B580-7D6F1162F083}.Release|x86.Build.0 = Release|Any CPU
		{8BADC36B-A36E-479A-83B1-7633E69E1796}.Ad-Hoc|Any CPU.ActiveCfg = Debug|Any CPU
		{8BADC36B-A36E-479A-83B1-7633E69E1796}.Ad-Hoc|Any CPU.Build.0 = Debug|Any CPU
		{8BADC36B-A36E-479A-83B1-7633E69E1796}.Ad-Hoc|ARM.ActiveCfg = Debug|Any CPU
		{8BADC36B-A36E-479A-83B1-7633E69E1796}.Ad-Hoc|ARM.Build.0 = Debug|Any CPU
		{8BADC36B-A36E-479A-83B1-7633E69E1796}.Ad-Hoc|ARM64.ActiveCfg = Debug|Any CPU
		{8BADC36B-A36E-479A-83B1-7633E69E1796}.Ad-Hoc|ARM64.Build.0 = Debug|Any CPU
		{8BADC36B-A36E-479A-83B1-7633E69E1796}.Ad-Hoc|iPhone.ActiveCfg = Debug|Any CPU
		{8BADC36B-A36E-479A-83B1-7633E69E1796}.Ad-Hoc|iPhone.Build.0 = Debug|Any CPU
		{8BADC36B-A36E-479A-83B1-7633E69E1796}.Ad-Hoc|iPhoneSimulator.ActiveCfg = Debug|Any CPU
		{8BADC36B-A36E-479A-83B1-7633E69E1796}.Ad-Hoc|iPhoneSimulator.Build.0 = Debug|Any CPU
		{8BADC36B-A36E-479A-83B1-7633E69E1796}.Ad-Hoc|x64.ActiveCfg = Debug|Any CPU
		{8BADC36B-A36E-479A-83B1-7633E69E1796}.Ad-Hoc|x64.Build.0 = Debug|Any CPU
		{8BADC36B-A36E-479A-83B1-7633E69E1796}.Ad-Hoc|x86.ActiveCfg = Debug|Any CPU
		{8BADC36B-A36E-479A-83B1-7633E69E1796}.Ad-Hoc|x86.Build.0 = Debug|Any CPU
		{8BADC36B-A36E-479A-83B1-7633E69E1796}.AppStore|Any CPU.ActiveCfg = Debug|Any CPU
		{8BADC36B-A36E-479A-83B1-7633E69E1796}.AppStore|Any CPU.Build.0 = Debug|Any CPU
		{8BADC36B-A36E-479A-83B1-7633E69E1796}.AppStore|ARM.ActiveCfg = Debug|Any CPU
		{8BADC36B-A36E-479A-83B1-7633E69E1796}.AppStore|ARM.Build.0 = Debug|Any CPU
		{8BADC36B-A36E-479A-83B1-7633E69E1796}.AppStore|ARM64.ActiveCfg = Debug|Any CPU
		{8BADC36B-A36E-479A-83B1-7633E69E1796}.AppStore|ARM64.Build.0 = Debug|Any CPU
		{8BADC36B-A36E-479A-83B1-7633E69E1796}.AppStore|iPhone.ActiveCfg = Debug|Any CPU
		{8BADC36B-A36E-479A-83B1-7633E69E1796}.AppStore|iPhone.Build.0 = Debug|Any CPU
		{8BADC36B-A36E-479A-83B1-7633E69E1796}.AppStore|iPhoneSimulator.ActiveCfg = Debug|Any CPU
		{8BADC36B-A36E-479A-83B1-7633E69E1796}.AppStore|iPhoneSimulator.Build.0 = Debug|Any CPU
		{8BADC36B-A36E-479A-83B1-7633E69E1796}.AppStore|x64.ActiveCfg = Debug|Any CPU
		{8BADC36B-A36E-479A-83B1-7633E69E1796}.AppStore|x64.Build.0 = Debug|Any CPU
		{8BADC36B-A36E-479A-83B1-7633E69E1796}.AppStore|x86.ActiveCfg = Debug|Any CPU
		{8BADC36B-A36E-479A-83B1-7633E69E1796}.AppStore|x86.Build.0 = Debug|Any CPU
		{8BADC36B-A36E-479A-83B1-7633E69E1796}.Debug|Any CPU.ActiveCfg = Debug|Any CPU
		{8BADC36B-A36E-479A-83B1-7633E69E1796}.Debug|Any CPU.Build.0 = Debug|Any CPU
		{8BADC36B-A36E-479A-83B1-7633E69E1796}.Debug|ARM.ActiveCfg = Debug|Any CPU
		{8BADC36B-A36E-479A-83B1-7633E69E1796}.Debug|ARM.Build.0 = Debug|Any CPU
		{8BADC36B-A36E-479A-83B1-7633E69E1796}.Debug|ARM64.ActiveCfg = Debug|Any CPU
		{8BADC36B-A36E-479A-83B1-7633E69E1796}.Debug|ARM64.Build.0 = Debug|Any CPU
		{8BADC36B-A36E-479A-83B1-7633E69E1796}.Debug|iPhone.ActiveCfg = Debug|Any CPU
		{8BADC36B-A36E-479A-83B1-7633E69E1796}.Debug|iPhone.Build.0 = Debug|Any CPU
		{8BADC36B-A36E-479A-83B1-7633E69E1796}.Debug|iPhoneSimulator.ActiveCfg = Debug|Any CPU
		{8BADC36B-A36E-479A-83B1-7633E69E1796}.Debug|iPhoneSimulator.Build.0 = Debug|Any CPU
		{8BADC36B-A36E-479A-83B1-7633E69E1796}.Debug|x64.ActiveCfg = Debug|Any CPU
		{8BADC36B-A36E-479A-83B1-7633E69E1796}.Debug|x64.Build.0 = Debug|Any CPU
		{8BADC36B-A36E-479A-83B1-7633E69E1796}.Debug|x86.ActiveCfg = Debug|Any CPU
		{8BADC36B-A36E-479A-83B1-7633E69E1796}.Debug|x86.Build.0 = Debug|Any CPU
		{8BADC36B-A36E-479A-83B1-7633E69E1796}.Release|Any CPU.ActiveCfg = Release|Any CPU
		{8BADC36B-A36E-479A-83B1-7633E69E1796}.Release|Any CPU.Build.0 = Release|Any CPU
		{8BADC36B-A36E-479A-83B1-7633E69E1796}.Release|ARM.ActiveCfg = Release|Any CPU
		{8BADC36B-A36E-479A-83B1-7633E69E1796}.Release|ARM.Build.0 = Release|Any CPU
		{8BADC36B-A36E-479A-83B1-7633E69E1796}.Release|ARM64.ActiveCfg = Release|Any CPU
		{8BADC36B-A36E-479A-83B1-7633E69E1796}.Release|ARM64.Build.0 = Release|Any CPU
		{8BADC36B-A36E-479A-83B1-7633E69E1796}.Release|iPhone.ActiveCfg = Release|Any CPU
		{8BADC36B-A36E-479A-83B1-7633E69E1796}.Release|iPhone.Build.0 = Release|Any CPU
		{8BADC36B-A36E-479A-83B1-7633E69E1796}.Release|iPhoneSimulator.ActiveCfg = Release|Any CPU
		{8BADC36B-A36E-479A-83B1-7633E69E1796}.Release|iPhoneSimulator.Build.0 = Release|Any CPU
		{8BADC36B-A36E-479A-83B1-7633E69E1796}.Release|x64.ActiveCfg = Release|Any CPU
		{8BADC36B-A36E-479A-83B1-7633E69E1796}.Release|x64.Build.0 = Release|Any CPU
		{8BADC36B-A36E-479A-83B1-7633E69E1796}.Release|x86.ActiveCfg = Release|Any CPU
		{8BADC36B-A36E-479A-83B1-7633E69E1796}.Release|x86.Build.0 = Release|Any CPU
		{21EEF188-9906-458C-9712-9735BDA16F70}.Ad-Hoc|Any CPU.ActiveCfg = Debug|Any CPU
		{21EEF188-9906-458C-9712-9735BDA16F70}.Ad-Hoc|Any CPU.Build.0 = Debug|Any CPU
		{21EEF188-9906-458C-9712-9735BDA16F70}.Ad-Hoc|ARM.ActiveCfg = Debug|Any CPU
		{21EEF188-9906-458C-9712-9735BDA16F70}.Ad-Hoc|ARM.Build.0 = Debug|Any CPU
		{21EEF188-9906-458C-9712-9735BDA16F70}.Ad-Hoc|ARM64.ActiveCfg = Debug|Any CPU
		{21EEF188-9906-458C-9712-9735BDA16F70}.Ad-Hoc|ARM64.Build.0 = Debug|Any CPU
		{21EEF188-9906-458C-9712-9735BDA16F70}.Ad-Hoc|iPhone.ActiveCfg = Debug|Any CPU
		{21EEF188-9906-458C-9712-9735BDA16F70}.Ad-Hoc|iPhone.Build.0 = Debug|Any CPU
		{21EEF188-9906-458C-9712-9735BDA16F70}.Ad-Hoc|iPhoneSimulator.ActiveCfg = Debug|Any CPU
		{21EEF188-9906-458C-9712-9735BDA16F70}.Ad-Hoc|iPhoneSimulator.Build.0 = Debug|Any CPU
		{21EEF188-9906-458C-9712-9735BDA16F70}.Ad-Hoc|x64.ActiveCfg = Debug|Any CPU
		{21EEF188-9906-458C-9712-9735BDA16F70}.Ad-Hoc|x64.Build.0 = Debug|Any CPU
		{21EEF188-9906-458C-9712-9735BDA16F70}.Ad-Hoc|x86.ActiveCfg = Debug|Any CPU
		{21EEF188-9906-458C-9712-9735BDA16F70}.Ad-Hoc|x86.Build.0 = Debug|Any CPU
		{21EEF188-9906-458C-9712-9735BDA16F70}.AppStore|Any CPU.ActiveCfg = Debug|Any CPU
		{21EEF188-9906-458C-9712-9735BDA16F70}.AppStore|Any CPU.Build.0 = Debug|Any CPU
		{21EEF188-9906-458C-9712-9735BDA16F70}.AppStore|ARM.ActiveCfg = Debug|Any CPU
		{21EEF188-9906-458C-9712-9735BDA16F70}.AppStore|ARM.Build.0 = Debug|Any CPU
		{21EEF188-9906-458C-9712-9735BDA16F70}.AppStore|ARM64.ActiveCfg = Debug|Any CPU
		{21EEF188-9906-458C-9712-9735BDA16F70}.AppStore|ARM64.Build.0 = Debug|Any CPU
		{21EEF188-9906-458C-9712-9735BDA16F70}.AppStore|iPhone.ActiveCfg = Debug|Any CPU
		{21EEF188-9906-458C-9712-9735BDA16F70}.AppStore|iPhone.Build.0 = Debug|Any CPU
		{21EEF188-9906-458C-9712-9735BDA16F70}.AppStore|iPhoneSimulator.ActiveCfg = Debug|Any CPU
		{21EEF188-9906-458C-9712-9735BDA16F70}.AppStore|iPhoneSimulator.Build.0 = Debug|Any CPU
		{21EEF188-9906-458C-9712-9735BDA16F70}.AppStore|x64.ActiveCfg = Debug|Any CPU
		{21EEF188-9906-458C-9712-9735BDA16F70}.AppStore|x64.Build.0 = Debug|Any CPU
		{21EEF188-9906-458C-9712-9735BDA16F70}.AppStore|x86.ActiveCfg = Debug|Any CPU
		{21EEF188-9906-458C-9712-9735BDA16F70}.AppStore|x86.Build.0 = Debug|Any CPU
		{21EEF188-9906-458C-9712-9735BDA16F70}.Debug|Any CPU.ActiveCfg = Debug|Any CPU
		{21EEF188-9906-458C-9712-9735BDA16F70}.Debug|Any CPU.Build.0 = Debug|Any CPU
		{21EEF188-9906-458C-9712-9735BDA16F70}.Debug|ARM.ActiveCfg = Debug|Any CPU
		{21EEF188-9906-458C-9712-9735BDA16F70}.Debug|ARM.Build.0 = Debug|Any CPU
		{21EEF188-9906-458C-9712-9735BDA16F70}.Debug|ARM64.ActiveCfg = Debug|Any CPU
		{21EEF188-9906-458C-9712-9735BDA16F70}.Debug|ARM64.Build.0 = Debug|Any CPU
		{21EEF188-9906-458C-9712-9735BDA16F70}.Debug|iPhone.ActiveCfg = Debug|Any CPU
		{21EEF188-9906-458C-9712-9735BDA16F70}.Debug|iPhone.Build.0 = Debug|Any CPU
		{21EEF188-9906-458C-9712-9735BDA16F70}.Debug|iPhoneSimulator.ActiveCfg = Debug|Any CPU
		{21EEF188-9906-458C-9712-9735BDA16F70}.Debug|iPhoneSimulator.Build.0 = Debug|Any CPU
		{21EEF188-9906-458C-9712-9735BDA16F70}.Debug|x64.ActiveCfg = Debug|Any CPU
		{21EEF188-9906-458C-9712-9735BDA16F70}.Debug|x64.Build.0 = Debug|Any CPU
		{21EEF188-9906-458C-9712-9735BDA16F70}.Debug|x86.ActiveCfg = Debug|Any CPU
		{21EEF188-9906-458C-9712-9735BDA16F70}.Debug|x86.Build.0 = Debug|Any CPU
		{21EEF188-9906-458C-9712-9735BDA16F70}.Release|Any CPU.ActiveCfg = Release|Any CPU
		{21EEF188-9906-458C-9712-9735BDA16F70}.Release|Any CPU.Build.0 = Release|Any CPU
		{21EEF188-9906-458C-9712-9735BDA16F70}.Release|ARM.ActiveCfg = Release|Any CPU
		{21EEF188-9906-458C-9712-9735BDA16F70}.Release|ARM.Build.0 = Release|Any CPU
		{21EEF188-9906-458C-9712-9735BDA16F70}.Release|ARM64.ActiveCfg = Release|Any CPU
		{21EEF188-9906-458C-9712-9735BDA16F70}.Release|ARM64.Build.0 = Release|Any CPU
		{21EEF188-9906-458C-9712-9735BDA16F70}.Release|iPhone.ActiveCfg = Release|Any CPU
		{21EEF188-9906-458C-9712-9735BDA16F70}.Release|iPhone.Build.0 = Release|Any CPU
		{21EEF188-9906-458C-9712-9735BDA16F70}.Release|iPhoneSimulator.ActiveCfg = Release|Any CPU
		{21EEF188-9906-458C-9712-9735BDA16F70}.Release|iPhoneSimulator.Build.0 = Release|Any CPU
		{21EEF188-9906-458C-9712-9735BDA16F70}.Release|x64.ActiveCfg = Release|Any CPU
		{21EEF188-9906-458C-9712-9735BDA16F70}.Release|x64.Build.0 = Release|Any CPU
		{21EEF188-9906-458C-9712-9735BDA16F70}.Release|x86.ActiveCfg = Release|Any CPU
		{21EEF188-9906-458C-9712-9735BDA16F70}.Release|x86.Build.0 = Release|Any CPU
		{5514AAEC-A190-4B6E-96F0-E6A04EB7F192}.Ad-Hoc|Any CPU.ActiveCfg = Debug|Any CPU
		{5514AAEC-A190-4B6E-96F0-E6A04EB7F192}.Ad-Hoc|Any CPU.Build.0 = Debug|Any CPU
		{5514AAEC-A190-4B6E-96F0-E6A04EB7F192}.Ad-Hoc|ARM.ActiveCfg = Debug|Any CPU
		{5514AAEC-A190-4B6E-96F0-E6A04EB7F192}.Ad-Hoc|ARM.Build.0 = Debug|Any CPU
		{5514AAEC-A190-4B6E-96F0-E6A04EB7F192}.Ad-Hoc|ARM64.ActiveCfg = Debug|Any CPU
		{5514AAEC-A190-4B6E-96F0-E6A04EB7F192}.Ad-Hoc|ARM64.Build.0 = Debug|Any CPU
		{5514AAEC-A190-4B6E-96F0-E6A04EB7F192}.Ad-Hoc|iPhone.ActiveCfg = Debug|Any CPU
		{5514AAEC-A190-4B6E-96F0-E6A04EB7F192}.Ad-Hoc|iPhone.Build.0 = Debug|Any CPU
		{5514AAEC-A190-4B6E-96F0-E6A04EB7F192}.Ad-Hoc|iPhoneSimulator.ActiveCfg = Debug|Any CPU
		{5514AAEC-A190-4B6E-96F0-E6A04EB7F192}.Ad-Hoc|iPhoneSimulator.Build.0 = Debug|Any CPU
		{5514AAEC-A190-4B6E-96F0-E6A04EB7F192}.Ad-Hoc|x64.ActiveCfg = Debug|Any CPU
		{5514AAEC-A190-4B6E-96F0-E6A04EB7F192}.Ad-Hoc|x64.Build.0 = Debug|Any CPU
		{5514AAEC-A190-4B6E-96F0-E6A04EB7F192}.Ad-Hoc|x86.ActiveCfg = Debug|Any CPU
		{5514AAEC-A190-4B6E-96F0-E6A04EB7F192}.Ad-Hoc|x86.Build.0 = Debug|Any CPU
		{5514AAEC-A190-4B6E-96F0-E6A04EB7F192}.AppStore|Any CPU.ActiveCfg = Debug|Any CPU
		{5514AAEC-A190-4B6E-96F0-E6A04EB7F192}.AppStore|Any CPU.Build.0 = Debug|Any CPU
		{5514AAEC-A190-4B6E-96F0-E6A04EB7F192}.AppStore|ARM.ActiveCfg = Debug|Any CPU
		{5514AAEC-A190-4B6E-96F0-E6A04EB7F192}.AppStore|ARM.Build.0 = Debug|Any CPU
		{5514AAEC-A190-4B6E-96F0-E6A04EB7F192}.AppStore|ARM64.ActiveCfg = Debug|Any CPU
		{5514AAEC-A190-4B6E-96F0-E6A04EB7F192}.AppStore|ARM64.Build.0 = Debug|Any CPU
		{5514AAEC-A190-4B6E-96F0-E6A04EB7F192}.AppStore|iPhone.ActiveCfg = Debug|Any CPU
		{5514AAEC-A190-4B6E-96F0-E6A04EB7F192}.AppStore|iPhone.Build.0 = Debug|Any CPU
		{5514AAEC-A190-4B6E-96F0-E6A04EB7F192}.AppStore|iPhoneSimulator.ActiveCfg = Debug|Any CPU
		{5514AAEC-A190-4B6E-96F0-E6A04EB7F192}.AppStore|iPhoneSimulator.Build.0 = Debug|Any CPU
		{5514AAEC-A190-4B6E-96F0-E6A04EB7F192}.AppStore|x64.ActiveCfg = Debug|Any CPU
		{5514AAEC-A190-4B6E-96F0-E6A04EB7F192}.AppStore|x64.Build.0 = Debug|Any CPU
		{5514AAEC-A190-4B6E-96F0-E6A04EB7F192}.AppStore|x86.ActiveCfg = Debug|Any CPU
		{5514AAEC-A190-4B6E-96F0-E6A04EB7F192}.AppStore|x86.Build.0 = Debug|Any CPU
		{5514AAEC-A190-4B6E-96F0-E6A04EB7F192}.Debug|Any CPU.ActiveCfg = Debug|Any CPU
		{5514AAEC-A190-4B6E-96F0-E6A04EB7F192}.Debug|Any CPU.Build.0 = Debug|Any CPU
		{5514AAEC-A190-4B6E-96F0-E6A04EB7F192}.Debug|ARM.ActiveCfg = Debug|Any CPU
		{5514AAEC-A190-4B6E-96F0-E6A04EB7F192}.Debug|ARM.Build.0 = Debug|Any CPU
		{5514AAEC-A190-4B6E-96F0-E6A04EB7F192}.Debug|ARM64.ActiveCfg = Debug|Any CPU
		{5514AAEC-A190-4B6E-96F0-E6A04EB7F192}.Debug|ARM64.Build.0 = Debug|Any CPU
		{5514AAEC-A190-4B6E-96F0-E6A04EB7F192}.Debug|iPhone.ActiveCfg = Debug|Any CPU
		{5514AAEC-A190-4B6E-96F0-E6A04EB7F192}.Debug|iPhone.Build.0 = Debug|Any CPU
		{5514AAEC-A190-4B6E-96F0-E6A04EB7F192}.Debug|iPhoneSimulator.ActiveCfg = Debug|Any CPU
		{5514AAEC-A190-4B6E-96F0-E6A04EB7F192}.Debug|iPhoneSimulator.Build.0 = Debug|Any CPU
		{5514AAEC-A190-4B6E-96F0-E6A04EB7F192}.Debug|x64.ActiveCfg = Debug|Any CPU
		{5514AAEC-A190-4B6E-96F0-E6A04EB7F192}.Debug|x64.Build.0 = Debug|Any CPU
		{5514AAEC-A190-4B6E-96F0-E6A04EB7F192}.Debug|x86.ActiveCfg = Debug|Any CPU
		{5514AAEC-A190-4B6E-96F0-E6A04EB7F192}.Debug|x86.Build.0 = Debug|Any CPU
		{5514AAEC-A190-4B6E-96F0-E6A04EB7F192}.Release|Any CPU.ActiveCfg = Release|Any CPU
		{5514AAEC-A190-4B6E-96F0-E6A04EB7F192}.Release|Any CPU.Build.0 = Release|Any CPU
		{5514AAEC-A190-4B6E-96F0-E6A04EB7F192}.Release|ARM.ActiveCfg = Release|Any CPU
		{5514AAEC-A190-4B6E-96F0-E6A04EB7F192}.Release|ARM.Build.0 = Release|Any CPU
		{5514AAEC-A190-4B6E-96F0-E6A04EB7F192}.Release|ARM64.ActiveCfg = Release|Any CPU
		{5514AAEC-A190-4B6E-96F0-E6A04EB7F192}.Release|ARM64.Build.0 = Release|Any CPU
		{5514AAEC-A190-4B6E-96F0-E6A04EB7F192}.Release|iPhone.ActiveCfg = Release|Any CPU
		{5514AAEC-A190-4B6E-96F0-E6A04EB7F192}.Release|iPhone.Build.0 = Release|Any CPU
		{5514AAEC-A190-4B6E-96F0-E6A04EB7F192}.Release|iPhoneSimulator.ActiveCfg = Release|Any CPU
		{5514AAEC-A190-4B6E-96F0-E6A04EB7F192}.Release|iPhoneSimulator.Build.0 = Release|Any CPU
		{5514AAEC-A190-4B6E-96F0-E6A04EB7F192}.Release|x64.ActiveCfg = Release|Any CPU
		{5514AAEC-A190-4B6E-96F0-E6A04EB7F192}.Release|x64.Build.0 = Release|Any CPU
		{5514AAEC-A190-4B6E-96F0-E6A04EB7F192}.Release|x86.ActiveCfg = Release|Any CPU
		{5514AAEC-A190-4B6E-96F0-E6A04EB7F192}.Release|x86.Build.0 = Release|Any CPU
	EndGlobalSection
	GlobalSection(SolutionProperties) = preSolution
		HideSolutionNode = FALSE
	EndGlobalSection
	GlobalSection(NestedProjects) = preSolution
		{3002632B-CFF3-493F-AFEC-75BA36981D7A} = {4279D034-5959-4C00-A1F6-FBC78888640E}
		{75D8C2E8-08FE-42CA-BBE8-A622E80AC8E9} = {4279D034-5959-4C00-A1F6-FBC78888640E}
		{0B47FDF7-8ED5-47C0-B3E6-0DCA8EC28FBE} = {4279D034-5959-4C00-A1F6-FBC78888640E}
		{9E0EA0BE-07D8-4CF3-BF98-A6B8B64BB1C3} = {4279D034-5959-4C00-A1F6-FBC78888640E}
		{6BF882C2-0D3E-4BE5-BE96-3206E1231BE3} = {4279D034-5959-4C00-A1F6-FBC78888640E}
		{EBA47715-52AC-400F-B580-7D6F1162F083} = {4279D034-5959-4C00-A1F6-FBC78888640E}
		{8BADC36B-A36E-479A-83B1-7633E69E1796} = {4279D034-5959-4C00-A1F6-FBC78888640E}
		{21EEF188-9906-458C-9712-9735BDA16F70} = {4279D034-5959-4C00-A1F6-FBC78888640E}
		{5514AAEC-A190-4B6E-96F0-E6A04EB7F192} = {4279D034-5959-4C00-A1F6-FBC78888640E}
	EndGlobalSection
	GlobalSection(ExtensibilityGlobals) = postSolution
		SolutionGuid = {0A4BBFBA-E71D-483D-94A1-5F88336A259B}
	EndGlobalSection
EndGlobal
